
Microsoft Visual Studio Solution File, Format Version 12.00
# Visual Studio 15
VisualStudioVersion = 15.0.27004.2009
MinimumVisualStudioVersion = 10.0.40219.1
Project("{FAE04EC0-301F-11D3-BF4B-00C04F79EFBC}") = "MerretAzureDemo.MerretDataAccess", "MerretAzureDemo.MerretDataAccess\MerretAzureDemo.MerretDataAccess.csproj", "{B9127620-C594-4CBF-85BF-BE0482DBFA52}"
EndProject
Project("{FAE04EC0-301F-11D3-BF4B-00C04F79EFBC}") = "MerretAzureDemo.Services", "MerretAzureDemo.Services\MerretAzureDemo.Services.csproj", "{941E8A69-594E-45B7-8FDB-1640B19EC141}"
EndProject
Project("{FAE04EC0-301F-11D3-BF4B-00C04F79EFBC}") = "MerretAzureDemo.Ws", "MerretAzureDemo.Ws\MerretAzureDemo.Ws.csproj", "{90F21A09-B706-4E2A-88AD-66D9CEB06320}"
EndProject
Global
	GlobalSection(SolutionConfigurationPlatforms) = preSolution
		Debug|Any CPU = Debug|Any CPU
		Release|Any CPU = Release|Any CPU
	EndGlobalSection
	GlobalSection(ProjectConfigurationPlatforms) = postSolution
		{B9127620-C594-4CBF-85BF-BE0482DBFA52}.Debug|Any CPU.ActiveCfg = Debug|Any CPU
		{B9127620-C594-4CBF-85BF-BE0482DBFA52}.Debug|Any CPU.Build.0 = Debug|Any CPU
		{B9127620-C594-4CBF-85BF-BE0482DBFA52}.Release|Any CPU.ActiveCfg = Release|Any CPU
		{B9127620-C594-4CBF-85BF-BE0482DBFA52}.Release|Any CPU.Build.0 = Release|Any CPU
		{941E8A69-594E-45B7-8FDB-1640B19EC141}.Debug|Any CPU.ActiveCfg = Debug|Any CPU
		{941E8A69-594E-45B7-8FDB-1640B19EC141}.Debug|Any CPU.Build.0 = Debug|Any CPU
		{941E8A69-594E-45B7-8FDB-1640B19EC141}.Release|Any CPU.ActiveCfg = Release|Any CPU
		{941E8A69-594E-45B7-8FDB-1640B19EC141}.Release|Any CPU.Build.0 = Release|Any CPU
		{90F21A09-B706-4E2A-88AD-66D9CEB06320}.Debug|Any CPU.ActiveCfg = Debug|Any CPU
		{90F21A09-B706-4E2A-88AD-66D9CEB06320}.Debug|Any CPU.Build.0 = Debug|Any CPU
		{90F21A09-B706-4E2A-88AD-66D9CEB06320}.Release|Any CPU.ActiveCfg = Release|Any CPU
		{90F21A09-B706-4E2A-88AD-66D9CEB06320}.Release|Any CPU.Build.0 = Release|Any CPU
	EndGlobalSection
	GlobalSection(SolutionProperties) = preSolution
		HideSolutionNode = FALSE
	EndGlobalSection
	GlobalSection(ExtensibilityGlobals) = postSolution
		SolutionGuid = {F4D61BD4-2BE3-4C48-9C38-321D070A35C5}
	EndGlobalSection
EndGlobal
